
Microsoft Visual Studio Solution File, Format Version 12.00
# Visual Studio 2013
VisualStudioVersion = 12.0.40629.0
MinimumVisualStudioVersion = 10.0.40219.1
Project("{FAE04EC0-301F-11D3-BF4B-00C04F79EFBC}") = "SolistenManager.Entities", "SolistenManager.Entities\SolistenManager.Entities.csproj", "{96F2362E-C603-428A-8430-E50798D53EA3}"
EndProject
Project("{FAE04EC0-301F-11D3-BF4B-00C04F79EFBC}") = "SolistenManager.Data", "SolistenManager.Data\SolistenManager.Data.csproj", "{CA89C2A8-6826-410A-8A99-183E62CFF831}"
EndProject
Project("{FAE04EC0-301F-11D3-BF4B-00C04F79EFBC}") = "SolistenManager.Services", "SolistenManager.Services\SolistenManager.Services.csproj", "{7FC65030-B2BD-4571-964E-971942F49DCD}"
EndProject
Global
	GlobalSection(SolutionConfigurationPlatforms) = preSolution
		Debug|Any CPU = Debug|Any CPU
		Release|Any CPU = Release|Any CPU
	EndGlobalSection
	GlobalSection(ProjectConfigurationPlatforms) = postSolution
		{96F2362E-C603-428A-8430-E50798D53EA3}.Debug|Any CPU.ActiveCfg = Debug|Any CPU
		{96F2362E-C603-428A-8430-E50798D53EA3}.Debug|Any CPU.Build.0 = Debug|Any CPU
		{96F2362E-C603-428A-8430-E50798D53EA3}.Release|Any CPU.ActiveCfg = Release|Any CPU
		{96F2362E-C603-428A-8430-E50798D53EA3}.Release|Any CPU.Build.0 = Release|Any CPU
		{CA89C2A8-6826-410A-8A99-183E62CFF831}.Debug|Any CPU.ActiveCfg = Debug|Any CPU
		{CA89C2A8-6826-410A-8A99-183E62CFF831}.Debug|Any CPU.Build.0 = Debug|Any CPU
		{CA89C2A8-6826-410A-8A99-183E62CFF831}.Release|Any CPU.ActiveCfg = Release|Any CPU
		{CA89C2A8-6826-410A-8A99-183E62CFF831}.Release|Any CPU.Build.0 = Release|Any CPU
		{7FC65030-B2BD-4571-964E-971942F49DCD}.Debug|Any CPU.ActiveCfg = Debug|Any CPU
		{7FC65030-B2BD-4571-964E-971942F49DCD}.Debug|Any CPU.Build.0 = Debug|Any CPU
		{7FC65030-B2BD-4571-964E-971942F49DCD}.Release|Any CPU.ActiveCfg = Release|Any CPU
		{7FC65030-B2BD-4571-964E-971942F49DCD}.Release|Any CPU.Build.0 = Release|Any CPU
	EndGlobalSection
	GlobalSection(SolutionProperties) = preSolution
		HideSolutionNode = FALSE
	EndGlobalSection
EndGlobal
